
Microsoft Visual Studio Solution File, Format Version 11.00
# Visual Studio 2010
Project("{8BC9CEB8-8B4A-11D0-8D11-00A0C91BC942}") = "qsw", "QSW\QSW_VC100.vcxproj", "{41F7E639-D141-409E-A523-631253C45BBF}"
	ProjectSection(ProjectDependencies) = postProject
		{1B5727C5-B621-451B-83B7-B749C4EBEF0C} = {1B5727C5-B621-451B-83B7-B749C4EBEF0C}
		{80EFB8ED-5528-4FA2-8BDA-25E8B2A352E5} = {80EFB8ED-5528-4FA2-8BDA-25E8B2A352E5}
	EndProjectSection
EndProject
Project("{8BC9CEB8-8B4A-11D0-8D11-00A0C91BC942}") = "mpq", "QSW\mpq\mpq.vcxproj", "{1B5727C5-B621-451B-83B7-B749C4EBEF0C}"
EndProject
Project("{8BC9CEB8-8B4A-11D0-8D11-00A0C91BC942}") = "wov", "QSW\wov\wov.vcxproj", "{80EFB8ED-5528-4FA2-8BDA-25E8B2A352E5}"
	ProjectSection(ProjectDependencies) = postProject
		{1B5727C5-B621-451B-83B7-B749C4EBEF0C} = {1B5727C5-B621-451B-83B7-B749C4EBEF0C}
	EndProjectSection
EndProject
Global
	GlobalSection(SolutionConfigurationPlatforms) = preSolution
		Debug|Win32 = Debug|Win32
		Release|Win32 = Release|Win32
	EndGlobalSection
	GlobalSection(ProjectConfigurationPlatforms) = postSolution
		{41F7E639-D141-409E-A523-631253C45BBF}.Debug|Win32.ActiveCfg = Debug|Win32
		{41F7E639-D141-409E-A523-631253C45BBF}.Debug|Win32.Build.0 = Debug|Win32
		{41F7E639-D141-409E-A523-631253C45BBF}.Release|Win32.ActiveCfg = Release|Win32
		{41F7E639-D141-409E-A523-631253C45BBF}.Release|Win32.Build.0 = Release|Win32
		{1B5727C5-B621-451B-83B7-B749C4EBEF0C}.Debug|Win32.ActiveCfg = Debug|Win32
		{1B5727C5-B621-451B-83B7-B749C4EBEF0C}.Debug|Win32.Build.0 = Debug|Win32
		{1B5727C5-B621-451B-83B7-B749C4EBEF0C}.Release|Win32.ActiveCfg = Release|Win32
		{1B5727C5-B621-451B-83B7-B749C4EBEF0C}.Release|Win32.Build.0 = Release|Win32
		{80EFB8ED-5528-4FA2-8BDA-25E8B2A352E5}.Debug|Win32.ActiveCfg = Debug|Win32
		{80EFB8ED-5528-4FA2-8BDA-25E8B2A352E5}.Debug|Win32.Build.0 = Debug|Win32
		{80EFB8ED-5528-4FA2-8BDA-25E8B2A352E5}.Release|Win32.ActiveCfg = Release|Win32
		{80EFB8ED-5528-4FA2-8BDA-25E8B2A352E5}.Release|Win32.Build.0 = Release|Win32
	EndGlobalSection
	GlobalSection(SolutionProperties) = preSolution
		HideSolutionNode = FALSE
	EndGlobalSection
EndGlobal
