<?xml version="1.0" encoding="utf-8"?>
<Project ToolsVersion="4.0" xmlns="http://schemas.microsoft.com/developer/msbuild/2003">
  <ItemGroup>
    <Filter Include="Source Files">
      <UniqueIdentifier>{4FC737F1-C7A5-4376-A066-2A32D752A2FF}</UniqueIdentifier>
      <Extensions>cpp;cxx;c;def</Extensions>
    </Filter>
    <Filter Include="Header Files">
      <UniqueIdentifier>{93995380-89BD-4b04-88EB-625FBE52EBFB}</UniqueIdentifier>
      <Extensions>h</Extensions>
    </Filter>
    <Filter Include="Header Files\DBC">
      <UniqueIdentifier>{36f6ece7-0c8e-449d-a840-87f6922ccbb9}</UniqueIdentifier>
    </Filter>
    <Filter Include="Header Files\Includes">
      <UniqueIdentifier>{170d749f-30e7-44b7-9f17-786060325b1b}</UniqueIdentifier>
    </Filter>
    <Filter Include="Form Files">
      <UniqueIdentifier>{99349809-55BA-4b9d-BF79-8FDBB0286EB3}</UniqueIdentifier>
      <Extensions>ui</Extensions>
    </Filter>
    <Filter Include="Resource Files">
      <UniqueIdentifier>{D9D6E242-F8AF-46E4-B9FD-80ECBC20BA3E}</UniqueIdentifier>
      <Extensions>qrc;*</Extensions>
      <ParseFiles>false</ParseFiles>
    </Filter>
    <Filter Include="Generated Files">
      <UniqueIdentifier>{71ED8ED8-ACB9-4CE9-BBE1-E00B30144E11}</UniqueIdentifier>
      <Extensions>moc;h;cpp</Extensions>
      <SourceControlFiles>False</SourceControlFiles>
    </Filter>
    <Filter Include="Generated Files\Release">
      <UniqueIdentifier>{d8bd14f7-20d0-48dd-b49f-f348642aa800}</UniqueIdentifier>
      <Extensions>cpp;moc</Extensions>
      <SourceControlFiles>False</SourceControlFiles>
    </Filter>
    <Filter Include="Generated Files\Debug">
      <UniqueIdentifier>{18dab092-b553-4166-a50a-86306b7d8fc7}</UniqueIdentifier>
      <Extensions>cpp;moc</Extensions>
      <SourceControlFiles>False</SourceControlFiles>
    </Filter>
    <Filter Include="Generated Files\Template">
      <UniqueIdentifier>{d9b17114-7f1d-42ae-8951-621dc1c40d24}</UniqueIdentifier>
      <Extensions>cpp;moc</Extensions>
      <SourceControlFiles>False</SourceControlFiles>
    </Filter>
  </ItemGroup>
  <ItemGroup>
    <ClCompile Include="Alphanum.cpp">
      <Filter>Source Files</Filter>
    </ClCompile>
    <ClCompile Include="Main.cpp">
      <Filter>Source Files</Filter>
    </ClCompile>
    <ClCompile Include="SWDefines.cpp">
      <Filter>Source Files</Filter>
    </ClCompile>
    <ClCompile Include="SWObject.cpp">
      <Filter>Source Files</Filter>
    </ClCompile>
    <ClCompile Include="SWSearch.cpp">
      <Filter>Source Files</Filter>
    </ClCompile>
    <ClCompile Include="DBC\DBCFileLoader.cpp">
      <Filter>Header Files\DBC</Filter>
    </ClCompile>
    <ClCompile Include="DBC\DBCStores.cpp">
      <Filter>Header Files\DBC</Filter>
    </ClCompile>
    <ClCompile Include="GeneratedFiles\qrc_SpellWork.cpp">
      <Filter>Generated Files</Filter>
    </ClCompile>
    <ClCompile Include="GeneratedFiles\Release\moc_SWSearch.cpp">
      <Filter>Generated Files\Release</Filter>
    </ClCompile>
    <ClCompile Include="GeneratedFiles\Debug\moc_SWSearch.cpp">
      <Filter>Generated Files\Debug</Filter>
    </ClCompile>
    <ClCompile Include="GeneratedFiles\Debug\moc_SWAboutForm.cpp">
      <Filter>Generated Files\Debug</Filter>
    </ClCompile>
    <ClCompile Include="GeneratedFiles\Release\moc_SWAboutForm.cpp">
      <Filter>Generated Files\Release</Filter>
    </ClCompile>
    <ClCompile Include="GeneratedFiles\Template\moc_SWAboutForm.cpp">
      <Filter>Generated Files\Template</Filter>
    </ClCompile>
    <ClCompile Include="SWAboutForm.cpp">
      <Filter>Source Files</Filter>
    </ClCompile>
    <ClCompile Include="SWMainForm.cpp">
      <Filter>Source Files</Filter>
    </ClCompile>
    <ClCompile Include="GeneratedFiles\Debug\moc_SWMainForm.cpp">
      <Filter>Generated Files\Debug</Filter>
    </ClCompile>
    <ClCompile Include="GeneratedFiles\Release\moc_SWMainForm.cpp">
      <Filter>Generated Files\Release</Filter>
    </ClCompile>
    <ClCompile Include="GeneratedFiles\Template\moc_SWMainForm.cpp">
      <Filter>Generated Files\Template</Filter>
    </ClCompile>
    <ClCompile Include="SWUpdateForm.cpp">
      <Filter>Source Files</Filter>
    </ClCompile>
    <ClCompile Include="GeneratedFiles\Debug\moc_SWUpdateForm.cpp">
      <Filter>Generated Files\Debug</Filter>
    </ClCompile>
    <ClCompile Include="GeneratedFiles\Release\moc_SWUpdateForm.cpp">
      <Filter>Generated Files\Release</Filter>
    </ClCompile>
    <ClCompile Include="GeneratedFiles\Template\moc_SWUpdateForm.cpp">
      <Filter>Generated Files\Template</Filter>
    </ClCompile>
    <ClCompile Include="SWModels.cpp">
      <Filter>Source Files</Filter>
    </ClCompile>
    <ClCompile Include="GeneratedFiles\Debug\moc_SWModels.cpp">
      <Filter>Generated Files\Debug</Filter>
    </ClCompile>
    <ClCompile Include="GeneratedFiles\Release\moc_SWModels.cpp">
      <Filter>Generated Files\Release</Filter>
    </ClCompile>
    <ClCompile Include="GeneratedFiles\Template\moc_SWModels.cpp">
      <Filter>Generated Files\Template</Filter>
    </ClCompile>
  </ItemGroup>
  <ItemGroup>
    <ClInclude Include="Alphanum.h">
      <Filter>Header Files</Filter>
    </ClInclude>
    <ClInclude Include="SWDefines.h">
      <Filter>Header Files</Filter>
    </ClInclude>
    <ClInclude Include="SWEvent.h">
      <Filter>Header Files</Filter>
    </ClInclude>
    <ClInclude Include="DBC\DBCFileLoader.h">
      <Filter>Header Files\DBC</Filter>
    </ClInclude>
    <ClInclude Include="DBC\DBCfmt.h">
      <Filter>Header Files\DBC</Filter>
    </ClInclude>
    <ClInclude Include="DBC\DBCStore.h">
      <Filter>Header Files\DBC</Filter>
    </ClInclude>
    <ClInclude Include="DBC\DBCStores.h">
      <Filter>Header Files\DBC</Filter>
    </ClInclude>
    <ClInclude Include="Includes\ByteConverter.h">
      <Filter>Header Files\Includes</Filter>
    </ClInclude>
    <ClInclude Include="Includes\Platform\CompilerDefs.h">
      <Filter>Header Files\Includes</Filter>
    </ClInclude>
    <ClInclude Include="Includes\Platform\Define.h">
      <Filter>Header Files\Includes</Filter>
    </ClInclude>
    <ClInclude Include="GeneratedFiles\ui_SWAboutUI.h">
      <Filter>Generated Files</Filter>
    </ClInclude>
    <ClInclude Include="GeneratedFiles\ui_SWMainUI.h">
      <Filter>Generated Files</Filter>
    </ClInclude>
    <ClInclude Include="GeneratedFiles\ui_SWUpdateUI.h">
      <Filter>Generated Files</Filter>
    </ClInclude>
    <ClInclude Include="SWObject.h">
      <Filter>Header Files</Filter>
    </ClInclude>
  </ItemGroup>
  <ItemGroup>
    <ResourceCompile Include="Icon.rc">
      <Filter>Resource Files</Filter>
    </ResourceCompile>
  </ItemGroup>
  <ItemGroup>
    <CustomBuildStep Include="mangos.ico">
      <Filter>Resource Files</Filter>
    </CustomBuildStep>
  </ItemGroup>
  <ItemGroup>
    <CustomBuild Include="SWSearch.h">
      <Filter>Header Files</Filter>
    </CustomBuild>
    <CustomBuild Include="DBC\DBCStructure.h">
      <Filter>Header Files\DBC</Filter>
    </CustomBuild>
    <CustomBuild Include="SpellWork.qrc">
      <Filter>Resource Files</Filter>
    </CustomBuild>
    <CustomBuild Include="SWAboutUI.ui">
      <Filter>Form Files</Filter>
    </CustomBuild>
    <CustomBuild Include="SWAboutForm.h">
      <Filter>Header Files</Filter>
    </CustomBuild>
    <CustomBuild Include="SWMainForm.h">
      <Filter>Header Files</Filter>
    </CustomBuild>
    <CustomBuild Include="SWMainUI.ui">
      <Filter>Form Files</Filter>
    </CustomBuild>
    <CustomBuild Include="SWUpdateUI.ui">
      <Filter>Form Files</Filter>
    </CustomBuild>
    <CustomBuild Include="SWUpdateForm.h">
      <Filter>Header Files</Filter>
    </CustomBuild>
    <CustomBuild Include="SWModels.h">
      <Filter>Header Files</Filter>
    </CustomBuild>
  </ItemGroup>
</Project>