<?xml version="1.0" encoding="utf-8"?>
<Project ToolsVersion="4.0" xmlns="http://schemas.microsoft.com/developer/msbuild/2003">
  <ItemGroup>
    <ClCompile Include="GeneratedFiles\Debug\moc_m2.cpp" />
    <ClCompile Include="GeneratedFiles\Debug\moc_model.cpp" />
    <ClCompile Include="GeneratedFiles\Debug\moc_modelscene.cpp" />
    <ClCompile Include="GeneratedFiles\Debug\moc_spellvisual.cpp" />
    <ClCompile Include="GeneratedFiles\qrc_src.cpp" />
    <ClCompile Include="GeneratedFiles\Release\moc_m2.cpp" />
    <ClCompile Include="GeneratedFiles\Release\moc_model.cpp" />
    <ClCompile Include="GeneratedFiles\Release\moc_modelscene.cpp" />
    <ClCompile Include="GeneratedFiles\Release\moc_spellvisual.cpp" />
    <ClCompile Include="bone.cpp" />
    <ClCompile Include="camerashake.cpp" />
    <ClCompile Include="dbc.cpp" />
    <ClCompile Include="m2.cpp" />
    <ClCompile Include="model.cpp" />
    <ClCompile Include="modelscene.cpp" />
    <ClCompile Include="mvp.cpp" />
    <ClCompile Include="particleemitter.cpp" />
    <ClCompile Include="ribbonemitter.cpp" />
    <ClCompile Include="spellvisual.cpp" />
    <ClCompile Include="spellvisualkit.cpp" />
    <ClCompile Include="texture.cpp" />
    <ClCompile Include="textureanimation.cpp" />
    <ClCompile Include="GeneratedFiles\qrc_wov.cpp">
      <Filter>Generated Files</Filter>
    </ClCompile>
  </ItemGroup>
  <ItemGroup>
    <ClInclude Include="animatedvalue.h" />
    <ClInclude Include="bone.h" />
    <ClInclude Include="camerashake.h" />
    <ClInclude Include="dbc.h" />
    <ClInclude Include="global.h" />
    <ClInclude Include="m2structures.h" />
    <ClInclude Include="mvp.h" />
    <ClInclude Include="particleemitter.h" />
    <ClInclude Include="ribbonemitter.h" />
    <ClInclude Include="spellvisualkit.h" />
    <ClInclude Include="texture.h" />
    <ClInclude Include="textureanimation.h" />
  </ItemGroup>
  <ItemGroup>
    <CustomBuild Include="spellvisual.h" />
    <CustomBuild Include="modelscene.h" />
    <CustomBuild Include="model.h" />
    <CustomBuild Include="m2.h" />
    <CustomBuild Include="wov.qrc">
      <Filter>Resource Files</Filter>
    </CustomBuild>
  </ItemGroup>
  <ItemGroup>
    <None Include="particle.fs" />
    <None Include="particle.vs" />
    <None Include="shader.fs" />
    <None Include="shader.vs" />
  </ItemGroup>
  <ItemGroup>
    <Filter Include="Resource Files">
      <UniqueIdentifier>{D9D6E242-F8AF-46E4-B9FD-80ECBC20BA3E}</UniqueIdentifier>
      <Extensions>qrc;*</Extensions>
      <ParseFiles>false</ParseFiles>
    </Filter>
    <Filter Include="Generated Files">
      <UniqueIdentifier>{71ED8ED8-ACB9-4CE9-BBE1-E00B30144E11}</UniqueIdentifier>
      <Extensions>moc;h;cpp</Extensions>
      <ParseFiles>true</ParseFiles>
    </Filter>
  </ItemGroup>
</Project>