<?xml version="1.0" encoding="utf-8"?>
<Project ToolsVersion="4.0" xmlns="http://schemas.microsoft.com/developer/msbuild/2003">
  <ItemGroup>
    <Filter Include="Source Files">
      <UniqueIdentifier>{4FC737F1-C7A5-4376-A066-2A32D752A2FF}</UniqueIdentifier>
      <Extensions>cpp;cxx;c;def</Extensions>
    </Filter>
    <Filter Include="Header Files">
      <UniqueIdentifier>{93995380-89BD-4b04-88EB-625FBE52EBFB}</UniqueIdentifier>
      <Extensions>h</Extensions>
    </Filter>
    <Filter Include="Form Files">
      <UniqueIdentifier>{99349809-55BA-4b9d-BF79-8FDBB0286EB3}</UniqueIdentifier>
      <Extensions>ui</Extensions>
    </Filter>
    <Filter Include="Resource Files">
      <UniqueIdentifier>{D9D6E242-F8AF-46E4-B9FD-80ECBC20BA3E}</UniqueIdentifier>
      <Extensions>qrc;*</Extensions>
      <ParseFiles>false</ParseFiles>
    </Filter>
    <Filter Include="Generated Files">
      <UniqueIdentifier>{71ED8ED8-ACB9-4CE9-BBE1-E00B30144E11}</UniqueIdentifier>
      <Extensions>moc;h;cpp</Extensions>
      <SourceControlFiles>False</SourceControlFiles>
    </Filter>
    <Filter Include="Generated Files\Debug">
      <UniqueIdentifier>{9bc72cce-c864-4323-814f-c62fe8f519b0}</UniqueIdentifier>
      <Extensions>cpp;moc</Extensions>
      <SourceControlFiles>False</SourceControlFiles>
    </Filter>
    <Filter Include="Generated Files\Release">
      <UniqueIdentifier>{a3ec39ef-e8cd-4a22-b7ad-669fe979e102}</UniqueIdentifier>
      <Extensions>cpp;moc</Extensions>
      <SourceControlFiles>False</SourceControlFiles>
    </Filter>
  </ItemGroup>
  <ItemGroup>
    <CustomBuild Include="src\src.qrc">
      <Filter>Resource Files</Filter>
    </CustomBuild>
    <CustomBuild Include="src\m2.h">
      <Filter>Source Files</Filter>
    </CustomBuild>
    <CustomBuild Include="src\model.h">
      <Filter>Source Files</Filter>
    </CustomBuild>
    <CustomBuild Include="src\modelscene.h">
      <Filter>Source Files</Filter>
    </CustomBuild>
    <CustomBuild Include="src\spellvisual.h">
      <Filter>Source Files</Filter>
    </CustomBuild>
  </ItemGroup>
  <ItemGroup>
    <None Include="src\shader.vs">
      <Filter>Resource Files</Filter>
    </None>
    <None Include="src\shader.fs">
      <Filter>Resource Files</Filter>
    </None>
    <None Include="src\particle.vs">
      <Filter>Resource Files</Filter>
    </None>
    <None Include="src\particle.fs">
      <Filter>Resource Files</Filter>
    </None>
  </ItemGroup>
  <ItemGroup>
    <ClCompile Include="GeneratedFiles\qrc_src.cpp">
      <Filter>Generated Files</Filter>
    </ClCompile>
    <ClCompile Include="src\bone.cpp">
      <Filter>Source Files</Filter>
    </ClCompile>
    <ClCompile Include="src\camerashake.cpp">
      <Filter>Source Files</Filter>
    </ClCompile>
    <ClCompile Include="src\dbc.cpp">
      <Filter>Source Files</Filter>
    </ClCompile>
    <ClCompile Include="src\m2.cpp">
      <Filter>Source Files</Filter>
    </ClCompile>
    <ClCompile Include="GeneratedFiles\Debug\moc_m2.cpp">
      <Filter>Generated Files\Debug</Filter>
    </ClCompile>
    <ClCompile Include="GeneratedFiles\Release\moc_m2.cpp">
      <Filter>Generated Files\Release</Filter>
    </ClCompile>
    <ClCompile Include="src\model.cpp">
      <Filter>Source Files</Filter>
    </ClCompile>
    <ClCompile Include="GeneratedFiles\Debug\moc_model.cpp">
      <Filter>Generated Files\Debug</Filter>
    </ClCompile>
    <ClCompile Include="GeneratedFiles\Release\moc_model.cpp">
      <Filter>Generated Files\Release</Filter>
    </ClCompile>
    <ClCompile Include="src\modelscene.cpp">
      <Filter>Source Files</Filter>
    </ClCompile>
    <ClCompile Include="GeneratedFiles\Debug\moc_modelscene.cpp">
      <Filter>Generated Files\Debug</Filter>
    </ClCompile>
    <ClCompile Include="GeneratedFiles\Release\moc_modelscene.cpp">
      <Filter>Generated Files\Release</Filter>
    </ClCompile>
    <ClCompile Include="src\mpq.cpp">
      <Filter>Source Files</Filter>
    </ClCompile>
    <ClCompile Include="src\mvp.cpp">
      <Filter>Source Files</Filter>
    </ClCompile>
    <ClCompile Include="src\particleemitter.cpp">
      <Filter>Source Files</Filter>
    </ClCompile>
    <ClCompile Include="src\ribbonemitter.cpp">
      <Filter>Source Files</Filter>
    </ClCompile>
    <ClCompile Include="src\spellvisual.cpp">
      <Filter>Source Files</Filter>
    </ClCompile>
    <ClCompile Include="GeneratedFiles\Debug\moc_spellvisual.cpp">
      <Filter>Generated Files\Debug</Filter>
    </ClCompile>
    <ClCompile Include="GeneratedFiles\Release\moc_spellvisual.cpp">
      <Filter>Generated Files\Release</Filter>
    </ClCompile>
    <ClCompile Include="src\spellvisualkit.cpp">
      <Filter>Source Files</Filter>
    </ClCompile>
    <ClCompile Include="src\texture.cpp">
      <Filter>Source Files</Filter>
    </ClCompile>
    <ClCompile Include="src\textureanimation.cpp">
      <Filter>Source Files</Filter>
    </ClCompile>
  </ItemGroup>
  <ItemGroup>
    <ClInclude Include="src\animatedvalue.h">
      <Filter>Source Files</Filter>
    </ClInclude>
    <ClInclude Include="src\bone.h">
      <Filter>Source Files</Filter>
    </ClInclude>
    <ClInclude Include="src\camerashake.h">
      <Filter>Source Files</Filter>
    </ClInclude>
    <ClInclude Include="src\dbc.h">
      <Filter>Source Files</Filter>
    </ClInclude>
    <ClInclude Include="src\global.h">
      <Filter>Source Files</Filter>
    </ClInclude>
    <ClInclude Include="src\m2structures.h">
      <Filter>Source Files</Filter>
    </ClInclude>
    <ClInclude Include="src\mpq.h">
      <Filter>Source Files</Filter>
    </ClInclude>
    <ClInclude Include="src\mvp.h">
      <Filter>Source Files</Filter>
    </ClInclude>
    <ClInclude Include="src\particleemitter.h">
      <Filter>Source Files</Filter>
    </ClInclude>
    <ClInclude Include="src\ribbonemitter.h">
      <Filter>Source Files</Filter>
    </ClInclude>
    <ClInclude Include="src\spellvisualkit.h">
      <Filter>Source Files</Filter>
    </ClInclude>
    <ClInclude Include="src\texture.h">
      <Filter>Source Files</Filter>
    </ClInclude>
    <ClInclude Include="src\textureanimation.h">
      <Filter>Source Files</Filter>
    </ClInclude>
  </ItemGroup>
</Project>